
Microsoft Visual Studio Solution File, Format Version 12.00
# Visual Studio Version 17
VisualStudioVersion = 17.13.35931.197 d17.13
MinimumVisualStudioVersion = 10.0.40219.1
Project("{FAE04EC0-301F-11D3-BF4B-00C04F79EFBC}") = "Blog.Api", "src\Blog.Api\Blog.Api.csproj", "{1146042F-1FB6-44D4-A6B6-FF47BEB91E77}"
EndProject
Project("{FAE04EC0-301F-11D3-BF4B-00C04F79EFBC}") = "Blog.Data", "src\Blog.Data\Blog.Data.csproj", "{AF82C096-33B2-4D55-8165-A45380511623}"
EndProject
Project("{FAE04EC0-301F-11D3-BF4B-00C04F79EFBC}") = "Blog.Core", "src\Blog.Core\Blog.Core.csproj", "{5E1FCBFC-C2D7-4EA5-BC58-3CE8E57BF9F2}"
EndProject
Project("{FAE04EC0-301F-11D3-BF4B-00C04F79EFBC}") = "Blog.WebApp", "src\Blog.WebApp\Blog.WebApp.csproj", "{1A3537A3-C639-4CB7-B5A8-7B116F93E610}"
EndProject
Global
	GlobalSection(SolutionConfigurationPlatforms) = preSolution
		Debug|Any CPU = Debug|Any CPU
		Release|Any CPU = Release|Any CPU
	EndGlobalSection
	GlobalSection(ProjectConfigurationPlatforms) = postSolution
		{1146042F-1FB6-44D4-A6B6-FF47BEB91E77}.Debug|Any CPU.ActiveCfg = Debug|Any CPU
		{1146042F-1FB6-44D4-A6B6-FF47BEB91E77}.Debug|Any CPU.Build.0 = Debug|Any CPU
		{1146042F-1FB6-44D4-A6B6-FF47BEB91E77}.Release|Any CPU.ActiveCfg = Release|Any CPU
		{1146042F-1FB6-44D4-A6B6-FF47BEB91E77}.Release|Any CPU.Build.0 = Release|Any CPU
		{AF82C096-33B2-4D55-8165-A45380511623}.Debug|Any CPU.ActiveCfg = Debug|Any CPU
		{AF82C096-33B2-4D55-8165-A45380511623}.Debug|Any CPU.Build.0 = Debug|Any CPU
		{AF82C096-33B2-4D55-8165-A45380511623}.Release|Any CPU.ActiveCfg = Release|Any CPU
		{AF82C096-33B2-4D55-8165-A45380511623}.Release|Any CPU.Build.0 = Release|Any CPU
		{5E1FCBFC-C2D7-4EA5-BC58-3CE8E57BF9F2}.Debug|Any CPU.ActiveCfg = Debug|Any CPU
		{5E1FCBFC-C2D7-4EA5-BC58-3CE8E57BF9F2}.Debug|Any CPU.Build.0 = Debug|Any CPU
		{5E1FCBFC-C2D7-4EA5-BC58-3CE8E57BF9F2}.Release|Any CPU.ActiveCfg = Release|Any CPU
		{5E1FCBFC-C2D7-4EA5-BC58-3CE8E57BF9F2}.Release|Any CPU.Build.0 = Release|Any CPU
		{1A3537A3-C639-4CB7-B5A8-7B116F93E610}.Debug|Any CPU.ActiveCfg = Debug|Any CPU
		{1A3537A3-C639-4CB7-B5A8-7B116F93E610}.Debug|Any CPU.Build.0 = Debug|Any CPU
		{1A3537A3-C639-4CB7-B5A8-7B116F93E610}.Release|Any CPU.ActiveCfg = Release|Any CPU
		{1A3537A3-C639-4CB7-B5A8-7B116F93E610}.Release|Any CPU.Build.0 = Release|Any CPU
	EndGlobalSection
	GlobalSection(SolutionProperties) = preSolution
		HideSolutionNode = FALSE
	EndGlobalSection
	GlobalSection(ExtensibilityGlobals) = postSolution
		SolutionGuid = {FB30A417-2079-41CA-9745-E85C8E1DFAE7}
	EndGlobalSection
EndGlobal
